
Microsoft Visual Studio Solution File, Format Version 12.00
# Visual Studio Version 17
VisualStudioVersion = 17.9.34714.143
MinimumVisualStudioVersion = 10.0.40219.1
Project("{FAE04EC0-301F-11D3-BF4B-00C04F79EFBC}") = "WinFormsAppAlgoritmo", "WinFormsAppAlgoritmo.csproj", "{86DA8766-074A-4A85-B54A-C156AD928894}"
EndProject
Global
	GlobalSection(SolutionConfigurationPlatforms) = preSolution
		Debug|Any CPU = Debug|Any CPU
		Release|Any CPU = Release|Any CPU
	EndGlobalSection
	GlobalSection(ProjectConfigurationPlatforms) = postSolution
		{86DA8766-074A-4A85-B54A-C156AD928894}.Debug|Any CPU.ActiveCfg = Debug|Any CPU
		{86DA8766-074A-4A85-B54A-C156AD928894}.Debug|Any CPU.Build.0 = Debug|Any CPU
		{86DA8766-074A-4A85-B54A-C156AD928894}.Release|Any CPU.ActiveCfg = Release|Any CPU
		{86DA8766-074A-4A85-B54A-C156AD928894}.Release|Any CPU.Build.0 = Release|Any CPU
	EndGlobalSection
	GlobalSection(SolutionProperties) = preSolution
		HideSolutionNode = FALSE
	EndGlobalSection
	GlobalSection(ExtensibilityGlobals) = postSolution
		SolutionGuid = {B480957F-BB46-4E23-BF06-9498D426BC23}
	EndGlobalSection
EndGlobal
